
Microsoft Visual Studio Solution File, Format Version 12.00
# Visual Studio Version 17
VisualStudioVersion = 17.5.33516.290
MinimumVisualStudioVersion = 10.0.40219.1
Project("{9A19103F-16F7-4668-BE54-9A1E7A4F7556}") = "Home_1", "Home_1\Home_1.csproj", "{85346EF6-4AE1-4D1D-BE48-0EAA1F4B95E8}"
EndProject
Project("{9A19103F-16F7-4668-BE54-9A1E7A4F7556}") = "Home_2", "Home_2\Home_2.csproj", "{543DF5C8-261F-4EE6-8EA0-789331FAC62D}"
EndProject
Project("{9A19103F-16F7-4668-BE54-9A1E7A4F7556}") = "Home_3", "Home_3\Home_3.csproj", "{0208C81E-8D6A-458E-87A9-9059A330DA38}"
EndProject
Project("{9A19103F-16F7-4668-BE54-9A1E7A4F7556}") = "Home_4", "Home_4\Home_4.csproj", "{94D3CD8E-D291-44F0-95A5-0D25F9E5DF0A}"
EndProject
Project("{9A19103F-16F7-4668-BE54-9A1E7A4F7556}") = "Home_5", "Home_5\Home_5.csproj", "{B9130455-B1A6-4E61-876A-89D1888F1C56}"
EndProject
Project("{9A19103F-16F7-4668-BE54-9A1E7A4F7556}") = "Home_6", "Home_6\Home_6.csproj", "{7C4B7DBC-24A7-476D-8145-26FE00CC3F28}"
EndProject
Project("{9A19103F-16F7-4668-BE54-9A1E7A4F7556}") = "Home_7", "Home_7\Home_7.csproj", "{8E9CA313-5AE3-4FEC-9025-3ECF9F09F163}"
EndProject
Project("{9A19103F-16F7-4668-BE54-9A1E7A4F7556}") = "Home_8", "Home_8\Home_8.csproj", "{0E05A9B9-6995-4A9C-8D5A-BE47E6C24F68}"
EndProject
Project("{9A19103F-16F7-4668-BE54-9A1E7A4F7556}") = "Home_9", "Home_9\Home_9.csproj", "{3710F27D-2FBD-45BB-AF88-6F227C2DD952}"
EndProject
Project("{9A19103F-16F7-4668-BE54-9A1E7A4F7556}") = "Home_10", "Home_10\Home_10.csproj", "{53CD6BDF-2CAC-4487-A303-ECA7D2295F7E}"
EndProject
Project("{9A19103F-16F7-4668-BE54-9A1E7A4F7556}") = "Home_11", "Home_11\Home_11.csproj", "{9EB412F6-DDC9-465B-99C4-3ECC8C64661A}"
EndProject
Project("{9A19103F-16F7-4668-BE54-9A1E7A4F7556}") = "Home_12", "Home_12\Home_12.csproj", "{B90B07E0-DE28-4979-B3D9-8DDFD70357C8}"
EndProject
Project("{9A19103F-16F7-4668-BE54-9A1E7A4F7556}") = "Home_13", "Home_13\Home_13.csproj", "{322C9C67-23ED-4966-814E-69CAC60752F6}"
EndProject
Project("{9A19103F-16F7-4668-BE54-9A1E7A4F7556}") = "Home_14", "Home_14\Home_14.csproj", "{9D3DA09A-555B-479B-A5B9-2BC9D3619A70}"
EndProject
Project("{FAE04EC0-301F-11D3-BF4B-00C04F79EFBC}") = "Core", "Core\Core.csproj", "{4522EF3E-896A-4517-82CC-B521807F1F68}"
EndProject
Project("{9A19103F-16F7-4668-BE54-9A1E7A4F7556}") = "Home_15", "Home_15\Home_15.csproj", "{AB108999-626E-47A5-95BC-6849BB44425A}"
EndProject
Project("{9A19103F-16F7-4668-BE54-9A1E7A4F7556}") = "Home_16", "Home_16\Home_16.csproj", "{3CCAAC60-7C1D-4532-880F-D2D5C4688DDF}"
EndProject
Project("{FAE04EC0-301F-11D3-BF4B-00C04F79EFBC}") = "Home_17", "Home_17\Home_17.csproj", "{C1BB084F-E0F1-4F38-9988-B893E5F48F1A}"
EndProject
Global
	GlobalSection(SolutionConfigurationPlatforms) = preSolution
		Debug|Any CPU = Debug|Any CPU
		Release|Any CPU = Release|Any CPU
	EndGlobalSection
	GlobalSection(ProjectConfigurationPlatforms) = postSolution
		{85346EF6-4AE1-4D1D-BE48-0EAA1F4B95E8}.Debug|Any CPU.ActiveCfg = Debug|Any CPU
		{85346EF6-4AE1-4D1D-BE48-0EAA1F4B95E8}.Debug|Any CPU.Build.0 = Debug|Any CPU
		{85346EF6-4AE1-4D1D-BE48-0EAA1F4B95E8}.Release|Any CPU.ActiveCfg = Release|Any CPU
		{85346EF6-4AE1-4D1D-BE48-0EAA1F4B95E8}.Release|Any CPU.Build.0 = Release|Any CPU
		{543DF5C8-261F-4EE6-8EA0-789331FAC62D}.Debug|Any CPU.ActiveCfg = Debug|Any CPU
		{543DF5C8-261F-4EE6-8EA0-789331FAC62D}.Debug|Any CPU.Build.0 = Debug|Any CPU
		{543DF5C8-261F-4EE6-8EA0-789331FAC62D}.Release|Any CPU.ActiveCfg = Release|Any CPU
		{543DF5C8-261F-4EE6-8EA0-789331FAC62D}.Release|Any CPU.Build.0 = Release|Any CPU
		{0208C81E-8D6A-458E-87A9-9059A330DA38}.Debug|Any CPU.ActiveCfg = Debug|Any CPU
		{0208C81E-8D6A-458E-87A9-9059A330DA38}.Debug|Any CPU.Build.0 = Debug|Any CPU
		{0208C81E-8D6A-458E-87A9-9059A330DA38}.Release|Any CPU.ActiveCfg = Release|Any CPU
		{0208C81E-8D6A-458E-87A9-9059A330DA38}.Release|Any CPU.Build.0 = Release|Any CPU
		{94D3CD8E-D291-44F0-95A5-0D25F9E5DF0A}.Debug|Any CPU.ActiveCfg = Debug|Any CPU
		{94D3CD8E-D291-44F0-95A5-0D25F9E5DF0A}.Debug|Any CPU.Build.0 = Debug|Any CPU
		{94D3CD8E-D291-44F0-95A5-0D25F9E5DF0A}.Release|Any CPU.ActiveCfg = Release|Any CPU
		{94D3CD8E-D291-44F0-95A5-0D25F9E5DF0A}.Release|Any CPU.Build.0 = Release|Any CPU
		{B9130455-B1A6-4E61-876A-89D1888F1C56}.Debug|Any CPU.ActiveCfg = Debug|Any CPU
		{B9130455-B1A6-4E61-876A-89D1888F1C56}.Debug|Any CPU.Build.0 = Debug|Any CPU
		{B9130455-B1A6-4E61-876A-89D1888F1C56}.Release|Any CPU.ActiveCfg = Release|Any CPU
		{B9130455-B1A6-4E61-876A-89D1888F1C56}.Release|Any CPU.Build.0 = Release|Any CPU
		{7C4B7DBC-24A7-476D-8145-26FE00CC3F28}.Debug|Any CPU.ActiveCfg = Debug|Any CPU
		{7C4B7DBC-24A7-476D-8145-26FE00CC3F28}.Debug|Any CPU.Build.0 = Debug|Any CPU
		{7C4B7DBC-24A7-476D-8145-26FE00CC3F28}.Release|Any CPU.ActiveCfg = Release|Any CPU
		{7C4B7DBC-24A7-476D-8145-26FE00CC3F28}.Release|Any CPU.Build.0 = Release|Any CPU
		{8E9CA313-5AE3-4FEC-9025-3ECF9F09F163}.Debug|Any CPU.ActiveCfg = Debug|Any CPU
		{8E9CA313-5AE3-4FEC-9025-3ECF9F09F163}.Debug|Any CPU.Build.0 = Debug|Any CPU
		{8E9CA313-5AE3-4FEC-9025-3ECF9F09F163}.Release|Any CPU.ActiveCfg = Release|Any CPU
		{8E9CA313-5AE3-4FEC-9025-3ECF9F09F163}.Release|Any CPU.Build.0 = Release|Any CPU
		{0E05A9B9-6995-4A9C-8D5A-BE47E6C24F68}.Debug|Any CPU.ActiveCfg = Debug|Any CPU
		{0E05A9B9-6995-4A9C-8D5A-BE47E6C24F68}.Debug|Any CPU.Build.0 = Debug|Any CPU
		{0E05A9B9-6995-4A9C-8D5A-BE47E6C24F68}.Release|Any CPU.ActiveCfg = Release|Any CPU
		{0E05A9B9-6995-4A9C-8D5A-BE47E6C24F68}.Release|Any CPU.Build.0 = Release|Any CPU
		{3710F27D-2FBD-45BB-AF88-6F227C2DD952}.Debug|Any CPU.ActiveCfg = Debug|Any CPU
		{3710F27D-2FBD-45BB-AF88-6F227C2DD952}.Debug|Any CPU.Build.0 = Debug|Any CPU
		{3710F27D-2FBD-45BB-AF88-6F227C2DD952}.Release|Any CPU.ActiveCfg = Release|Any CPU
		{3710F27D-2FBD-45BB-AF88-6F227C2DD952}.Release|Any CPU.Build.0 = Release|Any CPU
		{53CD6BDF-2CAC-4487-A303-ECA7D2295F7E}.Debug|Any CPU.ActiveCfg = Debug|Any CPU
		{53CD6BDF-2CAC-4487-A303-ECA7D2295F7E}.Debug|Any CPU.Build.0 = Debug|Any CPU
		{53CD6BDF-2CAC-4487-A303-ECA7D2295F7E}.Release|Any CPU.ActiveCfg = Release|Any CPU
		{53CD6BDF-2CAC-4487-A303-ECA7D2295F7E}.Release|Any CPU.Build.0 = Release|Any CPU
		{9EB412F6-DDC9-465B-99C4-3ECC8C64661A}.Debug|Any CPU.ActiveCfg = Debug|Any CPU
		{9EB412F6-DDC9-465B-99C4-3ECC8C64661A}.Debug|Any CPU.Build.0 = Debug|Any CPU
		{9EB412F6-DDC9-465B-99C4-3ECC8C64661A}.Release|Any CPU.ActiveCfg = Release|Any CPU
		{9EB412F6-DDC9-465B-99C4-3ECC8C64661A}.Release|Any CPU.Build.0 = Release|Any CPU
		{B90B07E0-DE28-4979-B3D9-8DDFD70357C8}.Debug|Any CPU.ActiveCfg = Debug|Any CPU
		{B90B07E0-DE28-4979-B3D9-8DDFD70357C8}.Debug|Any CPU.Build.0 = Debug|Any CPU
		{B90B07E0-DE28-4979-B3D9-8DDFD70357C8}.Release|Any CPU.ActiveCfg = Release|Any CPU
		{B90B07E0-DE28-4979-B3D9-8DDFD70357C8}.Release|Any CPU.Build.0 = Release|Any CPU
		{322C9C67-23ED-4966-814E-69CAC60752F6}.Debug|Any CPU.ActiveCfg = Debug|Any CPU
		{322C9C67-23ED-4966-814E-69CAC60752F6}.Debug|Any CPU.Build.0 = Debug|Any CPU
		{322C9C67-23ED-4966-814E-69CAC60752F6}.Release|Any CPU.ActiveCfg = Release|Any CPU
		{322C9C67-23ED-4966-814E-69CAC60752F6}.Release|Any CPU.Build.0 = Release|Any CPU
		{9D3DA09A-555B-479B-A5B9-2BC9D3619A70}.Debug|Any CPU.ActiveCfg = Debug|Any CPU
		{9D3DA09A-555B-479B-A5B9-2BC9D3619A70}.Debug|Any CPU.Build.0 = Debug|Any CPU
		{9D3DA09A-555B-479B-A5B9-2BC9D3619A70}.Release|Any CPU.ActiveCfg = Release|Any CPU
		{9D3DA09A-555B-479B-A5B9-2BC9D3619A70}.Release|Any CPU.Build.0 = Release|Any CPU
		{4522EF3E-896A-4517-82CC-B521807F1F68}.Debug|Any CPU.ActiveCfg = Debug|Any CPU
		{4522EF3E-896A-4517-82CC-B521807F1F68}.Debug|Any CPU.Build.0 = Debug|Any CPU
		{4522EF3E-896A-4517-82CC-B521807F1F68}.Release|Any CPU.ActiveCfg = Release|Any CPU
		{4522EF3E-896A-4517-82CC-B521807F1F68}.Release|Any CPU.Build.0 = Release|Any CPU
		{AB108999-626E-47A5-95BC-6849BB44425A}.Debug|Any CPU.ActiveCfg = Debug|Any CPU
		{AB108999-626E-47A5-95BC-6849BB44425A}.Debug|Any CPU.Build.0 = Debug|Any CPU
		{AB108999-626E-47A5-95BC-6849BB44425A}.Release|Any CPU.ActiveCfg = Release|Any CPU
		{AB108999-626E-47A5-95BC-6849BB44425A}.Release|Any CPU.Build.0 = Release|Any CPU
		{3CCAAC60-7C1D-4532-880F-D2D5C4688DDF}.Debug|Any CPU.ActiveCfg = Debug|Any CPU
		{3CCAAC60-7C1D-4532-880F-D2D5C4688DDF}.Debug|Any CPU.Build.0 = Debug|Any CPU
		{3CCAAC60-7C1D-4532-880F-D2D5C4688DDF}.Release|Any CPU.ActiveCfg = Release|Any CPU
		{3CCAAC60-7C1D-4532-880F-D2D5C4688DDF}.Release|Any CPU.Build.0 = Release|Any CPU
		{C1BB084F-E0F1-4F38-9988-B893E5F48F1A}.Debug|Any CPU.ActiveCfg = Debug|Any CPU
		{C1BB084F-E0F1-4F38-9988-B893E5F48F1A}.Debug|Any CPU.Build.0 = Debug|Any CPU
		{C1BB084F-E0F1-4F38-9988-B893E5F48F1A}.Release|Any CPU.ActiveCfg = Release|Any CPU
		{C1BB084F-E0F1-4F38-9988-B893E5F48F1A}.Release|Any CPU.Build.0 = Release|Any CPU
	EndGlobalSection
	GlobalSection(SolutionProperties) = preSolution
		HideSolutionNode = FALSE
	EndGlobalSection
	GlobalSection(ExtensibilityGlobals) = postSolution
		SolutionGuid = {FB334369-5AF6-479C-B69E-344F69FEFD3C}
	EndGlobalSection
EndGlobal
